{
  "originHash": "38ba1fabdd4275deabe2fa259dcdaa6c86c65b1f17eea1a5a4323082ae764960",
  "pins": [
    {
      "identity": "millerkit",
      "kind": "remoteSourceControl",
      "location": "https://github.com/blaineam/MillerKit",
      "state": {
        "revision": "5369888798dbc4831f4e73ce277bc237cffa3bce",
        "version": "1.2.0"
      }
    }
  ],
  "version": 3
}
